
Microsoft Visual Studio Solution File, Format Version 12.00
# Visual Studio Version 17
VisualStudioVersion = 17.6.33829.357
MinimumVisualStudioVersion = 10.0.40219.1
Project("{FAE04EC0-301F-11D3-BF4B-00C04F79EFBC}") = "KafkaProducer", "KafkaProducer.csproj", "{1A8A84D5-BEC6-4AA7-B9C9-93770DE03C2A}"
EndProject
Global
	GlobalSection(SolutionConfigurationPlatforms) = preSolution
		Debug|Any CPU = Debug|Any CPU
		Release|Any CPU = Release|Any CPU
	EndGlobalSection
	GlobalSection(ProjectConfigurationPlatforms) = postSolution
		{1A8A84D5-BEC6-4AA7-B9C9-93770DE03C2A}.Debug|Any CPU.ActiveCfg = Debug|Any CPU
		{1A8A84D5-BEC6-4AA7-B9C9-93770DE03C2A}.Debug|Any CPU.Build.0 = Debug|Any CPU
		{1A8A84D5-BEC6-4AA7-B9C9-93770DE03C2A}.Release|Any CPU.ActiveCfg = Release|Any CPU
		{1A8A84D5-BEC6-4AA7-B9C9-93770DE03C2A}.Release|Any CPU.Build.0 = Release|Any CPU
	EndGlobalSection
	GlobalSection(SolutionProperties) = preSolution
		HideSolutionNode = FALSE
	EndGlobalSection
	GlobalSection(ExtensibilityGlobals) = postSolution
		SolutionGuid = {412B2B03-1B2B-4160-B8A0-2AA5E421EA85}
	EndGlobalSection
EndGlobal
